
Microsoft Visual Studio Solution File, Format Version 12.00
# Visual Studio Version 16
VisualStudioVersion = 16.0.31729.503
MinimumVisualStudioVersion = 10.0.40219.1
Project("{8BC9CEB8-8B4A-11D0-8D11-00A0C91BC942}") = "uaspemdas", "uaspemdas\uaspemdas.vcxproj", "{44BFCD4D-F289-4CB8-84DF-422B9DFE3C5A}"
EndProject
Project("{8BC9CEB8-8B4A-11D0-8D11-00A0C91BC942}") = "typeb", "typeb\typeb.vcxproj", "{FD4C8740-EBE6-4195-A95E-77FCF2BC22B9}"
EndProject
Global
	GlobalSection(SolutionConfigurationPlatforms) = preSolution
		Debug|x64 = Debug|x64
		Debug|x86 = Debug|x86
		Release|x64 = Release|x64
		Release|x86 = Release|x86
	EndGlobalSection
	GlobalSection(ProjectConfigurationPlatforms) = postSolution
		{44BFCD4D-F289-4CB8-84DF-422B9DFE3C5A}.Debug|x64.ActiveCfg = Debug|x64
		{44BFCD4D-F289-4CB8-84DF-422B9DFE3C5A}.Debug|x64.Build.0 = Debug|x64
		{44BFCD4D-F289-4CB8-84DF-422B9DFE3C5A}.Debug|x86.ActiveCfg = Debug|Win32
		{44BFCD4D-F289-4CB8-84DF-422B9DFE3C5A}.Debug|x86.Build.0 = Debug|Win32
		{44BFCD4D-F289-4CB8-84DF-422B9DFE3C5A}.Release|x64.ActiveCfg = Release|x64
		{44BFCD4D-F289-4CB8-84DF-422B9DFE3C5A}.Release|x64.Build.0 = Release|x64
		{44BFCD4D-F289-4CB8-84DF-422B9DFE3C5A}.Release|x86.ActiveCfg = Release|Win32
		{44BFCD4D-F289-4CB8-84DF-422B9DFE3C5A}.Release|x86.Build.0 = Release|Win32
		{FD4C8740-EBE6-4195-A95E-77FCF2BC22B9}.Debug|x64.ActiveCfg = Debug|x64
		{FD4C8740-EBE6-4195-A95E-77FCF2BC22B9}.Debug|x64.Build.0 = Debug|x64
		{FD4C8740-EBE6-4195-A95E-77FCF2BC22B9}.Debug|x86.ActiveCfg = Debug|Win32
		{FD4C8740-EBE6-4195-A95E-77FCF2BC22B9}.Debug|x86.Build.0 = Debug|Win32
		{FD4C8740-EBE6-4195-A95E-77FCF2BC22B9}.Release|x64.ActiveCfg = Release|x64
		{FD4C8740-EBE6-4195-A95E-77FCF2BC22B9}.Release|x64.Build.0 = Release|x64
		{FD4C8740-EBE6-4195-A95E-77FCF2BC22B9}.Release|x86.ActiveCfg = Release|Win32
		{FD4C8740-EBE6-4195-A95E-77FCF2BC22B9}.Release|x86.Build.0 = Release|Win32
	EndGlobalSection
	GlobalSection(SolutionProperties) = preSolution
		HideSolutionNode = FALSE
	EndGlobalSection
	GlobalSection(ExtensibilityGlobals) = postSolution
		SolutionGuid = {38C568FE-5280-4398-AA37-43ED3B554544}
	EndGlobalSection
EndGlobal
